<?xml version="1.0" encoding="utf-8"?>
<Project ToolsVersion="4.0" xmlns="http://schemas.microsoft.com/developer/msbuild/2003">
  <ItemGroup>
    <Filter Include="Source Files">
      <UniqueIdentifier>{4FC737F1-C7A5-4376-A066-2A32D752A2FF}</UniqueIdentifier>
      <Extensions>cpp;c;cc;cxx;def;odl;idl;hpj;bat;asm;asmx</Extensions>
    </Filter>
    <Filter Include="Header Files">
      <UniqueIdentifier>{93995380-89BD-4b04-88EB-625FBE52EBFB}</UniqueIdentifier>
      <Extensions>h;hpp;hxx;hm;inl;inc;xsd</Extensions>
    </Filter>
    <Filter Include="Resource Files">
      <UniqueIdentifier>{67DA6AB6-F800-4c08-8B7A-83BB121AAD01}</UniqueIdentifier>
      <Extensions>rc;ico;cur;bmp;dlg;rc2;rct;bin;rgs;gif;jpg;jpeg;jpe;resx;tiff;tif;png;wav;mfcribbon-ms</Extensions>
    </Filter>
    <Filter Include="Others Files">
      <UniqueIdentifier>{d0e2ec49-fd34-4fbc-92d7-f7e4342b237b}</UniqueIdentifier>
    </Filter>
    <Filter Include="Source Files\Parser">
      <UniqueIdentifier>{9231c71f-ce54-4952-9979-af5aab7f0847}</UniqueIdentifier>
    </Filter>
    <Filter Include="Header Files\Parser">
      <UniqueIdentifier>{fecc6b83-f073-4167-8d12-a0972703de25}</UniqueIdentifier>
    </Filter>
    <Filter Include="Header Files\Expression">
      <UniqueIdentifier>{ffa179b7-1865-42f1-9282-1be4ba223cd6}</UniqueIdentifier>
    </Filter>
    <Filter Include="Source Files\Expression">
      <UniqueIdentifier>{3b006c06-2267-447d-9adf-d639beae60f4}</UniqueIdentifier>
    </Filter>
  </ItemGroup>
  <ItemGroup>
    <None Include="ReadMe.txt">
      <Filter>Others Files</Filter>
    </None>
    <None Include="src\Shell.def">
      <Filter>Others Files</Filter>
    </None>
    <None Include="packages.config" />
  </ItemGroup>
  <ItemGroup>
    <ClCompile Include="src\Main.cpp">
      <Filter>Source Files</Filter>
    </ClCompile>
    <ClCompile Include="src\Parser\Parser.cpp">
      <Filter>Source Files\Parser</Filter>
    </ClCompile>
    <ClCompile Include="src\Parser\Verification.cpp">
      <Filter>Source Files\Parser</Filter>
    </ClCompile>
    <ClCompile Include="src\ContextMenu.cpp">
      <Filter>Source Files</Filter>
    </ClCompile>
    <ClCompile Include="src\Expression\Expression.cpp">
      <Filter>Source Files\Expression</Filter>
    </ClCompile>
    <ClCompile Include="src\Expression\FuncExpression.cpp">
      <Filter>Source Files\Expression</Filter>
    </ClCompile>
    <ClCompile Include="src\Selections.cpp">
      <Filter>Source Files</Filter>
    </ClCompile>
    <ClCompile Include="src\Initializer.cpp">
      <Filter>Source Files</Filter>
    </ClCompile>
    <ClCompile Include="src\Parser\Properties.cpp">
      <Filter>Source Files\Parser</Filter>
    </ClCompile>
    <ClCompile Include="src\Expression\Context.cpp">
      <Filter>Source Files\Expression</Filter>
    </ClCompile>
    <ClCompile Include="src\Expression\Scope.cpp">
      <Filter>Source Files\Expression</Filter>
    </ClCompile>
    <ClCompile Include="src\Expression\OperatorExpression.cpp">
      <Filter>Source Files\Expression</Filter>
    </ClCompile>
    <ClCompile Include="src\Parser\Lexer.cpp">
      <Filter>Source Files\Parser</Filter>
    </ClCompile>
    <ClCompile Include="src\Expression\ArrayExpression.cpp">
      <Filter>Source Files\Expression</Filter>
    </ClCompile>
  </ItemGroup>
  <ItemGroup>
    <ClInclude Include="src\pch.h">
      <Filter>Header Files</Filter>
    </ClInclude>
    <ClInclude Include="src\Parser\Ident.h">
      <Filter>Header Files\Parser</Filter>
    </ClInclude>
    <ClInclude Include="src\Parser\Parser.h">
      <Filter>Header Files\Parser</Filter>
    </ClInclude>
    <ClInclude Include="src\Parser\Token.h">
      <Filter>Header Files\Parser</Filter>
    </ClInclude>
    <ClInclude Include="src\Include\Menu.h">
      <Filter>Header Files</Filter>
    </ClInclude>
    <ClInclude Include="src\Include\MenuItem.h">
      <Filter>Header Files</Filter>
    </ClInclude>
    <ClInclude Include="src\Include\ContextMenu.h">
      <Filter>Header Files</Filter>
    </ClInclude>
    <ClInclude Include="src\Include\Styles.h">
      <Filter>Header Files</Filter>
    </ClInclude>
    <ClInclude Include="src\Expression\Expression.h">
      <Filter>Header Files\Expression</Filter>
    </ClInclude>
    <ClInclude Include="src\Expression\Scope.h">
      <Filter>Header Files\Expression</Filter>
    </ClInclude>
    <ClInclude Include="src\Parser\IdentHash.h">
      <Filter>Header Files\Parser</Filter>
    </ClInclude>
    <ClInclude Include="src\Include\win32_hook.h">
      <Filter>Header Files</Filter>
    </ClInclude>
    <ClInclude Include="src\Include\Selections.h">
      <Filter>Header Files</Filter>
    </ClInclude>
    <ClInclude Include="src\Include\Initializer.h">
      <Filter>Header Files</Filter>
    </ClInclude>
    <ClInclude Include="src\Include\Hooker.h">
      <Filter>Header Files</Filter>
    </ClInclude>
    <ClInclude Include="src\Expression\Context.h">
      <Filter>Header Files\Expression</Filter>
    </ClInclude>
    <ClInclude Include="src\Include\Cache.h">
      <Filter>Header Files</Filter>
    </ClInclude>
    <ClInclude Include="src\Expression\ExpressionType.h">
      <Filter>Header Files\Expression</Filter>
    </ClInclude>
    <ClInclude Include="src\Expression\StatementExpression.h">
      <Filter>Header Files\Expression</Filter>
    </ClInclude>
    <ClInclude Include="src\Expression\OperatorExpression.h">
      <Filter>Header Files\Expression</Filter>
    </ClInclude>
    <ClInclude Include="src\Expression\IdentExpression.h">
      <Filter>Header Files\Expression</Filter>
    </ClInclude>
    <ClInclude Include="src\Expression\LiteralExpression.h">
      <Filter>Header Files\Expression</Filter>
    </ClInclude>
    <ClInclude Include="src\Include\FindPattern.h">
      <Filter>Header Files</Filter>
    </ClInclude>
    <ClInclude Include="src\Include\Keyboard.h">
      <Filter>Header Files</Filter>
    </ClInclude>
    <ClInclude Include="src\Expression\Constants.h">
      <Filter>Header Files\Expression</Filter>
    </ClInclude>
    <ClInclude Include="src\Parser\Lexer.h">
      <Filter>Header Files\Parser</Filter>
    </ClInclude>
    <ClInclude Include="src\Expression\ArrayExpression.h">
      <Filter>Header Files\Expression</Filter>
    </ClInclude>
    <ClInclude Include="src\Expression\Variable.h">
      <Filter>Header Files\Expression</Filter>
    </ClInclude>
    <ClInclude Include="src\Include\UTheme.h">
      <Filter>Header Files</Filter>
    </ClInclude>
    <ClInclude Include="src\Include\Theme.h">
      <Filter>Header Files</Filter>
    </ClInclude>
    <ClInclude Include="src\Include\Tip.h">
      <Filter>Header Files</Filter>
    </ClInclude>
    <ClInclude Include="src\Include\RegistryConfig.h">
      <Filter>Header Files</Filter>
    </ClInclude>
  </ItemGroup>
  <ItemGroup>
    <ResourceCompile Include="$(SolutionDir)shared\Resource\Shell.rc">
      <Filter>Resource Files</Filter>
    </ResourceCompile>
  </ItemGroup>
</Project>