
Microsoft Visual Studio Solution File, Format Version 12.00
# Visual Studio Version 17
VisualStudioVersion = 17.1.32319.34
MinimumVisualStudioVersion = 10.0.40219.1
Project("{8BC9CEB8-8B4A-11D0-8D11-00A0C91BC942}") = "shared", "shared\shared.vcxitems", "{096F9029-DBBB-4CB7-A0C5-615007DCA000}"
EndProject
Project("{8BC9CEB8-8B4A-11D0-8D11-00A0C91BC942}") = "dll", "dll\Shell.vcxproj", "{BAF011AC-D5E9-42C5-BA26-BA6115A45DAC}"
EndProject
Project("{8BC9CEB8-8B4A-11D0-8D11-00A0C91BC942}") = "exe", "exe\exe.vcxproj", "{FFFD0DDB-48FB-4681-A3B6-8E787FA98C98}"
EndProject
Project("{8BC9CEB8-8B4A-11D0-8D11-00A0C91BC942}") = "ca", "setup\ca\ca.vcxproj", "{F72D34CA-48DA-4DFD-91A9-A0C78BEF6981}"
EndProject
Project("{B7DD6F7E-DEF8-4E67-B5B7-07EF123DB6F0}") = "setup", "setup\wix\setup.wixproj", "{F8A8D368-F53D-4EA1-9E17-404DA0CC89CD}"
	ProjectSection(ProjectDependencies) = postProject
		{BAF011AC-D5E9-42C5-BA26-BA6115A45DAC} = {BAF011AC-D5E9-42C5-BA26-BA6115A45DAC}
		{F72D34CA-48DA-4DFD-91A9-A0C78BEF6981} = {F72D34CA-48DA-4DFD-91A9-A0C78BEF6981}
		{FFFD0DDB-48FB-4681-A3B6-8E787FA98C98} = {FFFD0DDB-48FB-4681-A3B6-8E787FA98C98}
	EndProjectSection
EndProject
Global
	GlobalSection(SolutionConfigurationPlatforms) = preSolution
		release|ARM64 = release|ARM64
		release|x64 = release|x64
		release|x86 = release|x86
	EndGlobalSection
	GlobalSection(ProjectConfigurationPlatforms) = postSolution
		{BAF011AC-D5E9-42C5-BA26-BA6115A45DAC}.release|ARM64.ActiveCfg = release|ARM64
		{BAF011AC-D5E9-42C5-BA26-BA6115A45DAC}.release|ARM64.Build.0 = release|ARM64
		{BAF011AC-D5E9-42C5-BA26-BA6115A45DAC}.release|x64.ActiveCfg = release|x64
		{BAF011AC-D5E9-42C5-BA26-BA6115A45DAC}.release|x64.Build.0 = release|x64
		{BAF011AC-D5E9-42C5-BA26-BA6115A45DAC}.release|x86.ActiveCfg = release|Win32
		{BAF011AC-D5E9-42C5-BA26-BA6115A45DAC}.release|x86.Build.0 = release|Win32
		{FFFD0DDB-48FB-4681-A3B6-8E787FA98C98}.release|ARM64.ActiveCfg = release|ARM64
		{FFFD0DDB-48FB-4681-A3B6-8E787FA98C98}.release|ARM64.Build.0 = release|ARM64
		{FFFD0DDB-48FB-4681-A3B6-8E787FA98C98}.release|x64.ActiveCfg = release|x64
		{FFFD0DDB-48FB-4681-A3B6-8E787FA98C98}.release|x64.Build.0 = release|x64
		{FFFD0DDB-48FB-4681-A3B6-8E787FA98C98}.release|x86.ActiveCfg = release|Win32
		{FFFD0DDB-48FB-4681-A3B6-8E787FA98C98}.release|x86.Build.0 = release|Win32
		{F72D34CA-48DA-4DFD-91A9-A0C78BEF6981}.release|ARM64.ActiveCfg = release|ARM64
		{F72D34CA-48DA-4DFD-91A9-A0C78BEF6981}.release|ARM64.Build.0 = release|ARM64
		{F72D34CA-48DA-4DFD-91A9-A0C78BEF6981}.release|x64.ActiveCfg = release|x64
		{F72D34CA-48DA-4DFD-91A9-A0C78BEF6981}.release|x64.Build.0 = release|x64
		{F72D34CA-48DA-4DFD-91A9-A0C78BEF6981}.release|x86.ActiveCfg = release|Win32
		{F72D34CA-48DA-4DFD-91A9-A0C78BEF6981}.release|x86.Build.0 = release|Win32
		{F8A8D368-F53D-4EA1-9E17-404DA0CC89CD}.release|ARM64.ActiveCfg = Release|ARM64
		{F8A8D368-F53D-4EA1-9E17-404DA0CC89CD}.release|ARM64.Build.0 = Release|ARM64
		{F8A8D368-F53D-4EA1-9E17-404DA0CC89CD}.release|x64.ActiveCfg = Release|x64
		{F8A8D368-F53D-4EA1-9E17-404DA0CC89CD}.release|x64.Build.0 = Release|x64
		{F8A8D368-F53D-4EA1-9E17-404DA0CC89CD}.release|x86.ActiveCfg = Release|x86
		{F8A8D368-F53D-4EA1-9E17-404DA0CC89CD}.release|x86.Build.0 = Release|x86
	EndGlobalSection
	GlobalSection(SolutionProperties) = preSolution
		HideSolutionNode = FALSE
	EndGlobalSection
	GlobalSection(ExtensibilityGlobals) = postSolution
		SolutionGuid = {EE8CC431-4AA1-4CF6-B3CE-AD27E8B980E8}
	EndGlobalSection
	GlobalSection(SharedMSBuildProjectFiles) = preSolution
		shared\shared.vcxitems*{096f9029-dbbb-4cb7-a0c5-615007dca000}*SharedItemsImports = 9
		shared\shared.vcxitems*{baf011ac-d5e9-42c5-ba26-ba6115a45dac}*SharedItemsImports = 4
		shared\shared.vcxitems*{fffd0ddb-48fb-4681-a3b6-8e787fa98c98}*SharedItemsImports = 4
	EndGlobalSection
EndGlobal
