
Microsoft Visual Studio Solution File, Format Version 12.00
# Visual Studio Version 16
VisualStudioVersion = 16.0.30611.23
MinimumVisualStudioVersion = 10.0.40219.1
Project("{9A19103F-16F7-4668-BE54-9A1E7A4F7556}") = "Hash", "Hash\Hash.csproj", "{7B4F25A2-6A5F-4EC5-A96C-A51244F32C87}"
EndProject
Global
	GlobalSection(SolutionConfigurationPlatforms) = preSolution
		Debug|Any CPU = Debug|Any CPU
		Release|Any CPU = Release|Any CPU
	EndGlobalSection
	GlobalSection(ProjectConfigurationPlatforms) = postSolution
		{7B4F25A2-6A5F-4EC5-A96C-A51244F32C87}.Debug|Any CPU.ActiveCfg = Debug|Any CPU
		{7B4F25A2-6A5F-4EC5-A96C-A51244F32C87}.Debug|Any CPU.Build.0 = Debug|Any CPU
		{7B4F25A2-6A5F-4EC5-A96C-A51244F32C87}.Release|Any CPU.ActiveCfg = Release|Any CPU
		{7B4F25A2-6A5F-4EC5-A96C-A51244F32C87}.Release|Any CPU.Build.0 = Release|Any CPU
	EndGlobalSection
	GlobalSection(SolutionProperties) = preSolution
		HideSolutionNode = FALSE
	EndGlobalSection
	GlobalSection(ExtensibilityGlobals) = postSolution
		SolutionGuid = {8D7015E2-893E-450A-83FD-BC0EE72D740A}
	EndGlobalSection
EndGlobal
